
Microsoft Visual Studio Solution File, Format Version 12.00
# Visual Studio Version 16
VisualStudioVersion = 16.0.31729.503
MinimumVisualStudioVersion = 10.0.40219.1
Project("{9A19103F-16F7-4668-BE54-9A1E7A4F7556}") = "APIGateway", "APIGateway.csproj", "{FB1F6689-B9B7-4527-8840-54662621A2B4}"
EndProject
Project("{9A19103F-16F7-4668-BE54-9A1E7A4F7556}") = "AirlineService", "..\AirlineService\AirlineService.csproj", "{FE3FCF45-ABE3-45FA-A306-6D8677C95074}"
EndProject
Project("{9A19103F-16F7-4668-BE54-9A1E7A4F7556}") = "BookingService", "..\BookingService\BookingService.csproj", "{CCA01D08-4916-4F0F-85B2-E0DF5759FC19}"
EndProject
Project("{9A19103F-16F7-4668-BE54-9A1E7A4F7556}") = "LoginService", "..\LoginService\LoginService.csproj", "{7C89681A-BEA5-4307-B496-B7FBBD1F89C3}"
EndProject
Project("{FAE04EC0-301F-11D3-BF4B-00C04F79EFBC}") = "InventoryService", "..\InventoryManagementService\InventoryService.csproj", "{E327F951-9411-4859-BBED-FC624BAD88E9}"
EndProject
Global
	GlobalSection(SolutionConfigurationPlatforms) = preSolution
		Debug|Any CPU = Debug|Any CPU
		Release|Any CPU = Release|Any CPU
	EndGlobalSection
	GlobalSection(ProjectConfigurationPlatforms) = postSolution
		{FB1F6689-B9B7-4527-8840-54662621A2B4}.Debug|Any CPU.ActiveCfg = Debug|Any CPU
		{FB1F6689-B9B7-4527-8840-54662621A2B4}.Debug|Any CPU.Build.0 = Debug|Any CPU
		{FB1F6689-B9B7-4527-8840-54662621A2B4}.Release|Any CPU.ActiveCfg = Release|Any CPU
		{FB1F6689-B9B7-4527-8840-54662621A2B4}.Release|Any CPU.Build.0 = Release|Any CPU
		{FE3FCF45-ABE3-45FA-A306-6D8677C95074}.Debug|Any CPU.ActiveCfg = Debug|Any CPU
		{FE3FCF45-ABE3-45FA-A306-6D8677C95074}.Debug|Any CPU.Build.0 = Debug|Any CPU
		{FE3FCF45-ABE3-45FA-A306-6D8677C95074}.Release|Any CPU.ActiveCfg = Release|Any CPU
		{FE3FCF45-ABE3-45FA-A306-6D8677C95074}.Release|Any CPU.Build.0 = Release|Any CPU
		{CCA01D08-4916-4F0F-85B2-E0DF5759FC19}.Debug|Any CPU.ActiveCfg = Debug|Any CPU
		{CCA01D08-4916-4F0F-85B2-E0DF5759FC19}.Debug|Any CPU.Build.0 = Debug|Any CPU
		{CCA01D08-4916-4F0F-85B2-E0DF5759FC19}.Release|Any CPU.ActiveCfg = Release|Any CPU
		{CCA01D08-4916-4F0F-85B2-E0DF5759FC19}.Release|Any CPU.Build.0 = Release|Any CPU
		{7C89681A-BEA5-4307-B496-B7FBBD1F89C3}.Debug|Any CPU.ActiveCfg = Debug|Any CPU
		{7C89681A-BEA5-4307-B496-B7FBBD1F89C3}.Debug|Any CPU.Build.0 = Debug|Any CPU
		{7C89681A-BEA5-4307-B496-B7FBBD1F89C3}.Release|Any CPU.ActiveCfg = Release|Any CPU
		{7C89681A-BEA5-4307-B496-B7FBBD1F89C3}.Release|Any CPU.Build.0 = Release|Any CPU
		{E327F951-9411-4859-BBED-FC624BAD88E9}.Debug|Any CPU.ActiveCfg = Debug|Any CPU
		{E327F951-9411-4859-BBED-FC624BAD88E9}.Debug|Any CPU.Build.0 = Debug|Any CPU
		{E327F951-9411-4859-BBED-FC624BAD88E9}.Release|Any CPU.ActiveCfg = Release|Any CPU
		{E327F951-9411-4859-BBED-FC624BAD88E9}.Release|Any CPU.Build.0 = Release|Any CPU
	EndGlobalSection
	GlobalSection(SolutionProperties) = preSolution
		HideSolutionNode = FALSE
	EndGlobalSection
	GlobalSection(ExtensibilityGlobals) = postSolution
		SolutionGuid = {BAC0B885-9B61-431B-8DD2-3C4B8B284A31}
	EndGlobalSection
EndGlobal
